// !$*UTF8*$!
{
	archiveVersion = 1;
	classes = {
	};
	objectVersion = 50;
	objects = {

/* Begin PBXBuildFile section */
		0B19FBA122F885A9004C2F21 /* Category.swift in Sources */ = {isa = PBXBuildFile; fileRef = 0B19FBA022F885A9004C2F21 /* Category.swift */; };
		0B19FBA422F88771004C2F21 /* Constants.swift in Sources */ = {isa = PBXBuildFile; fileRef = 0B19FBA322F88771004C2F21 /* Constants.swift */; };
		0B287D95231FF4F60082EBB0 /* HelperFunctions.swift in Sources */ = {isa = PBXBuildFile; fileRef = 0B287D94231FF4F60082EBB0 /* HelperFunctions.swift */; };
		0B287D9723200A7F0082EBB0 /* ItemViewController.swift in Sources */ = {isa = PBXBuildFile; fileRef = 0B287D9623200A7F0082EBB0 /* ItemViewController.swift */; };
		0B287D9923201F990082EBB0 /* ImageCollectionViewCell.swift in Sources */ = {isa = PBXBuildFile; fileRef = 0B287D9823201F990082EBB0 /* ImageCollectionViewCell.swift */; };
		0B287D9B2322BBA10082EBB0 /* Basket.swift in Sources */ = {isa = PBXBuildFile; fileRef = 0B287D9A2322BBA10082EBB0 /* Basket.swift */; };
		0B31136B231F1A5800EEEA89 /* ItemTableViewCell.swift in Sources */ = {isa = PBXBuildFile; fileRef = 0B31136A231F1A5800EEEA89 /* ItemTableViewCell.swift */; };
		0B31C9CF233E6E2C00BCFF35 /* MUser.swift in Sources */ = {isa = PBXBuildFile; fileRef = 0B31C9CE233E6E2C00BCFF35 /* MUser.swift */; };
		0B3C418B2310423E00992E67 /* ItemsTableViewController.swift in Sources */ = {isa = PBXBuildFile; fileRef = 0B3C418A2310423E00992E67 /* ItemsTableViewController.swift */; };
		0B3C418D231045CC00992E67 /* Item.swift in Sources */ = {isa = PBXBuildFile; fileRef = 0B3C418C231045CC00992E67 /* Item.swift */; };
		0B3C418F231522E300992E67 /* AddItemViewController.swift in Sources */ = {isa = PBXBuildFile; fileRef = 0B3C418E231522E300992E67 /* AddItemViewController.swift */; };
		0B54C4AE232FED9F00B79439 /* BasketViewController.swift in Sources */ = {isa = PBXBuildFile; fileRef = 0B54C4AD232FED9F00B79439 /* BasketViewController.swift */; };
		0B54C4B02333DDCA00B79439 /* WelcomeViewController.swift in Sources */ = {isa = PBXBuildFile; fileRef = 0B54C4AF2333DDCA00B79439 /* WelcomeViewController.swift */; };
		0B7FFC1B23183156004D21C3 /* Richability.swift in Sources */ = {isa = PBXBuildFile; fileRef = 0B7FFC1A23183156004D21C3 /* Richability.swift */; };
		0B7FFC1D231831F9004D21C3 /* Downloader.swift in Sources */ = {isa = PBXBuildFile; fileRef = 0B7FFC1C231831F8004D21C3 /* Downloader.swift */; };
		0B8D9AA522F1F55600A072A4 /* AppDelegate.swift in Sources */ = {isa = PBXBuildFile; fileRef = 0B8D9AA422F1F55600A072A4 /* AppDelegate.swift */; };
		0B8D9AA722F1F55600A072A4 /* SceneDelegate.swift in Sources */ = {isa = PBXBuildFile; fileRef = 0B8D9AA622F1F55600A072A4 /* SceneDelegate.swift */; };
		0B8D9AA922F1F55600A072A4 /* ViewController.swift in Sources */ = {isa = PBXBuildFile; fileRef = 0B8D9AA822F1F55600A072A4 /* ViewController.swift */; };
		0B8D9AAC22F1F55600A072A4 /* Main.storyboard in Resources */ = {isa = PBXBuildFile; fileRef = 0B8D9AAA22F1F55600A072A4 /* Main.storyboard */; };
		0B8D9AAE22F1F55900A072A4 /* Assets.xcassets in Resources */ = {isa = PBXBuildFile; fileRef = 0B8D9AAD22F1F55900A072A4 /* Assets.xcassets */; };
		0B8D9AB122F1F55900A072A4 /* LaunchScreen.storyboard in Resources */ = {isa = PBXBuildFile; fileRef = 0B8D9AAF22F1F55900A072A4 /* LaunchScreen.storyboard */; };
		0BDFB71B22F347C200EE0B07 /* CategoryCollectionViewController.swift in Sources */ = {isa = PBXBuildFile; fileRef = 0BDFB71A22F347C200EE0B07 /* CategoryCollectionViewController.swift */; };
		0BDFB71D22F3485200EE0B07 /* CategoryCollectionViewCell.swift in Sources */ = {isa = PBXBuildFile; fileRef = 0BDFB71C22F3485200EE0B07 /* CategoryCollectionViewCell.swift */; };
		0BDFB71F22F34BB300EE0B07 /* GoogleService-Info.plist in Resources */ = {isa = PBXBuildFile; fileRef = 0BDFB71E22F34BB300EE0B07 /* GoogleService-Info.plist */; };
		0BDFB72122F34D0700EE0B07 /* FirebaseCollectionReference.swift in Sources */ = {isa = PBXBuildFile; fileRef = 0BDFB72022F34D0700EE0B07 /* FirebaseCollectionReference.swift */; };
		5449F94F0E38E848783CDF98 /* Pods_Market.framework in Frameworks */ = {isa = PBXBuildFile; fileRef = D0D989B0B85E1713A5EAD5FE /* Pods_Market.framework */; };
/* End PBXBuildFile section */

/* Begin PBXFileReference section */
		0B19FBA022F885A9004C2F21 /* Category.swift */ = {isa = PBXFileReference; lastKnownFileType = sourcecode.swift; path = Category.swift; sourceTree = "<group>"; };
		0B19FBA322F88771004C2F21 /* Constants.swift */ = {isa = PBXFileReference; lastKnownFileType = sourcecode.swift; path = Constants.swift; sourceTree = "<group>"; };
		0B287D94231FF4F60082EBB0 /* HelperFunctions.swift */ = {isa = PBXFileReference; lastKnownFileType = sourcecode.swift; path = HelperFunctions.swift; sourceTree = "<group>"; };
		0B287D9623200A7F0082EBB0 /* ItemViewController.swift */ = {isa = PBXFileReference; lastKnownFileType = sourcecode.swift; path = ItemViewController.swift; sourceTree = "<group>"; };
		0B287D9823201F990082EBB0 /* ImageCollectionViewCell.swift */ = {isa = PBXFileReference; lastKnownFileType = sourcecode.swift; path = ImageCollectionViewCell.swift; sourceTree = "<group>"; };
		0B287D9A2322BBA10082EBB0 /* Basket.swift */ = {isa = PBXFileReference; lastKnownFileType = sourcecode.swift; path = Basket.swift; sourceTree = "<group>"; };
		0B31136A231F1A5800EEEA89 /* ItemTableViewCell.swift */ = {isa = PBXFileReference; lastKnownFileType = sourcecode.swift; path = ItemTableViewCell.swift; sourceTree = "<group>"; };
		0B31C9CE233E6E2C00BCFF35 /* MUser.swift */ = {isa = PBXFileReference; lastKnownFileType = sourcecode.swift; path = MUser.swift; sourceTree = "<group>"; };
		0B3C418A2310423E00992E67 /* ItemsTableViewController.swift */ = {isa = PBXFileReference; lastKnownFileType = sourcecode.swift; path = ItemsTableViewController.swift; sourceTree = "<group>"; };
		0B3C418C231045CC00992E67 /* Item.swift */ = {isa = PBXFileReference; lastKnownFileType = sourcecode.swift; path = Item.swift; sourceTree = "<group>"; };
		0B3C418E231522E300992E67 /* AddItemViewController.swift */ = {isa = PBXFileReference; lastKnownFileType = sourcecode.swift; path = AddItemViewController.swift; sourceTree = "<group>"; };
		0B54C4AD232FED9F00B79439 /* BasketViewController.swift */ = {isa = PBXFileReference; lastKnownFileType = sourcecode.swift; path = BasketViewController.swift; sourceTree = "<group>"; };
		0B54C4AF2333DDCA00B79439 /* WelcomeViewController.swift */ = {isa = PBXFileReference; lastKnownFileType = sourcecode.swift; path = WelcomeViewController.swift; sourceTree = "<group>"; };
		0B7FFC1A23183156004D21C3 /* Richability.swift */ = {isa = PBXFileReference; lastKnownFileType = sourcecode.swift; path = Richability.swift; sourceTree = "<group>"; };
		0B7FFC1C231831F8004D21C3 /* Downloader.swift */ = {isa = PBXFileReference; lastKnownFileType = sourcecode.swift; path = Downloader.swift; sourceTree = "<group>"; };
		0B8D9AA122F1F55600A072A4 /* Market.app */ = {isa = PBXFileReference; explicitFileType = wrapper.application; includeInIndex = 0; path = Market.app; sourceTree = BUILT_PRODUCTS_DIR; };
		0B8D9AA422F1F55600A072A4 /* AppDelegate.swift */ = {isa = PBXFileReference; lastKnownFileType = sourcecode.swift; path = AppDelegate.swift; sourceTree = "<group>"; };
		0B8D9AA622F1F55600A072A4 /* SceneDelegate.swift */ = {isa = PBXFileReference; lastKnownFileType = sourcecode.swift; path = SceneDelegate.swift; sourceTree = "<group>"; };
		0B8D9AA822F1F55600A072A4 /* ViewController.swift */ = {isa = PBXFileReference; lastKnownFileType = sourcecode.swift; path = ViewController.swift; sourceTree = "<group>"; };
		0B8D9AAB22F1F55600A072A4 /* Base */ = {isa = PBXFileReference; lastKnownFileType = file.storyboard; name = Base; path = Base.lproj/Main.storyboard; sourceTree = "<group>"; };
		0B8D9AAD22F1F55900A072A4 /* Assets.xcassets */ = {isa = PBXFileReference; lastKnownFileType = folder.assetcatalog; path = Assets.xcassets; sourceTree = "<group>"; };
		0B8D9AB022F1F55900A072A4 /* Base */ = {isa = PBXFileReference; lastKnownFileType = file.storyboard; name = Base; path = Base.lproj/LaunchScreen.storyboard; sourceTree = "<group>"; };
		0B8D9AB222F1F55900A072A4 /* Info.plist */ = {isa = PBXFileReference; lastKnownFileType = text.plist.xml; path = Info.plist; sourceTree = "<group>"; };
		0BDFB71A22F347C200EE0B07 /* CategoryCollectionViewController.swift */ = {isa = PBXFileReference; lastKnownFileType = sourcecode.swift; path = CategoryCollectionViewController.swift; sourceTree = "<group>"; };
		0BDFB71C22F3485200EE0B07 /* CategoryCollectionViewCell.swift */ = {isa = PBXFileReference; lastKnownFileType = sourcecode.swift; path = CategoryCollectionViewCell.swift; sourceTree = "<group>"; };
		0BDFB71E22F34BB300EE0B07 /* GoogleService-Info.plist */ = {isa = PBXFileReference; fileEncoding = 4; lastKnownFileType = text.plist.xml; path = "GoogleService-Info.plist"; sourceTree = "<group>"; };
		0BDFB72022F34D0700EE0B07 /* FirebaseCollectionReference.swift */ = {isa = PBXFileReference; lastKnownFileType = sourcecode.swift; path = FirebaseCollectionReference.swift; sourceTree = "<group>"; };
		B197637D2664C8E9E58A2969 /* Pods-Market.debug.xcconfig */ = {isa = PBXFileReference; includeInIndex = 1; lastKnownFileType = text.xcconfig; name = "Pods-Market.debug.xcconfig"; path = "Pods/Target Support Files/Pods-Market/Pods-Market.debug.xcconfig"; sourceTree = "<group>"; };
		D0D989B0B85E1713A5EAD5FE /* Pods_Market.framework */ = {isa = PBXFileReference; explicitFileType = wrapper.framework; includeInIndex = 0; path = Pods_Market.framework; sourceTree = BUILT_PRODUCTS_DIR; };
		F942CD6A709C429B5BF5F48C /* Pods-Market.release.xcconfig */ = {isa = PBXFileReference; includeInIndex = 1; lastKnownFileType = text.xcconfig; name = "Pods-Market.release.xcconfig"; path = "Pods/Target Support Files/Pods-Market/Pods-Market.release.xcconfig"; sourceTree = "<group>"; };
/* End PBXFileReference section */

/* Begin PBXFrameworksBuildPhase section */
		0B8D9A9E22F1F55600A072A4 /* Frameworks */ = {
			isa = PBXFrameworksBuildPhase;
			buildActionMask = 2147483647;
			files = (
				5449F94F0E38E848783CDF98 /* Pods_Market.framework in Frameworks */,
			);
			runOnlyForDeploymentPostprocessing = 0;
		};
/* End PBXFrameworksBuildPhase section */

/* Begin PBXGroup section */
		0B19FB9D22F88563004C2F21 /* Helpers */ = {
			isa = PBXGroup;
			children = (
				0BDFB72022F34D0700EE0B07 /* FirebaseCollectionReference.swift */,
				0B19FBA322F88771004C2F21 /* Constants.swift */,
				0B7FFC1A23183156004D21C3 /* Richability.swift */,
				0B7FFC1C231831F8004D21C3 /* Downloader.swift */,
				0B287D94231FF4F60082EBB0 /* HelperFunctions.swift */,
			);
			path = Helpers;
			sourceTree = "<group>";
		};
		0B19FB9E22F88578004C2F21 /*  MainViews */ = {
			isa = PBXGroup;
			children = (
				0BDFB71A22F347C200EE0B07 /* CategoryCollectionViewController.swift */,
				0B3C418A2310423E00992E67 /* ItemsTableViewController.swift */,
				0B3C418E231522E300992E67 /* AddItemViewController.swift */,
				0B287D9623200A7F0082EBB0 /* ItemViewController.swift */,
				0B54C4AD232FED9F00B79439 /* BasketViewController.swift */,
				0B54C4AF2333DDCA00B79439 /* WelcomeViewController.swift */,
			);
			path = " MainViews";
			sourceTree = "<group>";
		};
		0B19FB9F22F88582004C2F21 /* Custom Cells */ = {
			isa = PBXGroup;
			children = (
				0BDFB71C22F3485200EE0B07 /* CategoryCollectionViewCell.swift */,
				0B31136A231F1A5800EEEA89 /* ItemTableViewCell.swift */,
				0B287D9823201F990082EBB0 /* ImageCollectionViewCell.swift */,
			);
			path = "Custom Cells";
			sourceTree = "<group>";
		};
		0B19FBA222F885B0004C2F21 /* Model */ = {
			isa = PBXGroup;
			children = (
				0B19FBA022F885A9004C2F21 /* Category.swift */,
				0B3C418C231045CC00992E67 /* Item.swift */,
				0B287D9A2322BBA10082EBB0 /* Basket.swift */,
				0B31C9CE233E6E2C00BCFF35 /* MUser.swift */,
			);
			path = Model;
			sourceTree = "<group>";
		};
		0B8D9A9822F1F55600A072A4 = {
			isa = PBXGroup;
			children = (
				0B8D9AA322F1F55600A072A4 /* Market */,
				0B8D9AA222F1F55600A072A4 /* Products */,
				53A746C2E45B4DDF42D087E1 /* Pods */,
				1C90945CA136923323863038 /* Frameworks */,
			);
			sourceTree = "<group>";
		};
		0B8D9AA222F1F55600A072A4 /* Products */ = {
			isa = PBXGroup;
			children = (
				0B8D9AA122F1F55600A072A4 /* Market.app */,
			);
			name = Products;
			sourceTree = "<group>";
		};
		0B8D9AA322F1F55600A072A4 /* Market */ = {
			isa = PBXGroup;
			children = (
				0B8D9AA422F1F55600A072A4 /* AppDelegate.swift */,
				0B8D9AA622F1F55600A072A4 /* SceneDelegate.swift */,
				0B19FB9F22F88582004C2F21 /* Custom Cells */,
				0B19FB9E22F88578004C2F21 /*  MainViews */,
				0B19FBA222F885B0004C2F21 /* Model */,
				0B19FB9D22F88563004C2F21 /* Helpers */,
				0B8D9AA822F1F55600A072A4 /* ViewController.swift */,
				0B8D9AAA22F1F55600A072A4 /* Main.storyboard */,
				0B8D9AAD22F1F55900A072A4 /* Assets.xcassets */,
				0B8D9AAF22F1F55900A072A4 /* LaunchScreen.storyboard */,
				0BDFB71E22F34BB300EE0B07 /* GoogleService-Info.plist */,
				0B8D9AB222F1F55900A072A4 /* Info.plist */,
			);
			path = Market;
			sourceTree = "<group>";
		};
		1C90945CA136923323863038 /* Frameworks */ = {
			isa = PBXGroup;
			children = (
				D0D989B0B85E1713A5EAD5FE /* Pods_Market.framework */,
			);
			name = Frameworks;
			sourceTree = "<group>";
		};
		53A746C2E45B4DDF42D087E1 /* Pods */ = {
			isa = PBXGroup;
			children = (
				B197637D2664C8E9E58A2969 /* Pods-Market.debug.xcconfig */,
				F942CD6A709C429B5BF5F48C /* Pods-Market.release.xcconfig */,
			);
			name = Pods;
			sourceTree = "<group>";
		};
/* End PBXGroup section */

/* Begin PBXNativeTarget section */
		0B8D9AA022F1F55600A072A4 /* Market */ = {
			isa = PBXNativeTarget;
			buildConfigurationList = 0B8D9AB522F1F55900A072A4 /* Build configuration list for PBXNativeTarget "Market" */;
			buildPhases = (
				9DDE10DE2BB16E24963E3B31 /* [CP] Check Pods Manifest.lock */,
				0B8D9A9D22F1F55600A072A4 /* Sources */,
				0B8D9A9E22F1F55600A072A4 /* Frameworks */,
				0B8D9A9F22F1F55600A072A4 /* Resources */,
				760F8DF57D4AEA74EF2CE0F6 /* [CP] Embed Pods Frameworks */,
			);
			buildRules = (
			);
			dependencies = (
			);
			name = Market;
			productName = Market;
			productReference = 0B8D9AA122F1F55600A072A4 /* Market.app */;
			productType = "com.apple.product-type.application";
		};
/* End PBXNativeTarget section */

/* Begin PBXProject section */
		0B8D9A9922F1F55600A072A4 /* Project object */ = {
			isa = PBXProject;
			attributes = {
				LastSwiftUpdateCheck = 1100;
				LastUpgradeCheck = 1100;
				ORGANIZATIONNAME = "ioannis giannakidis";
				TargetAttributes = {
					0B8D9AA022F1F55600A072A4 = {
						CreatedOnToolsVersion = 11.0;
					};
				};
			};
			buildConfigurationList = 0B8D9A9C22F1F55600A072A4 /* Build configuration list for PBXProject "Market" */;
			compatibilityVersion = "Xcode 9.3";
			developmentRegion = en;
			hasScannedForEncodings = 0;
			knownRegions = (
				en,
				Base,
			);
			mainGroup = 0B8D9A9822F1F55600A072A4;
			productRefGroup = 0B8D9AA222F1F55600A072A4 /* Products */;
			projectDirPath = "";
			projectRoot = "";
			targets = (
				0B8D9AA022F1F55600A072A4 /* Market */,
			);
		};
/* End PBXProject section */

/* Begin PBXResourcesBuildPhase section */
		0B8D9A9F22F1F55600A072A4 /* Resources */ = {
			isa = PBXResourcesBuildPhase;
			buildActionMask = 2147483647;
			files = (
				0B8D9AB122F1F55900A072A4 /* LaunchScreen.storyboard in Resources */,
				0BDFB71F22F34BB300EE0B07 /* GoogleService-Info.plist in Resources */,
				0B8D9AAE22F1F55900A072A4 /* Assets.xcassets in Resources */,
				0B8D9AAC22F1F55600A072A4 /* Main.storyboard in Resources */,
			);
			runOnlyForDeploymentPostprocessing = 0;
		};
/* End PBXResourcesBuildPhase section */

/* Begin PBXShellScriptBuildPhase section */
		760F8DF57D4AEA74EF2CE0F6 /* [CP] Embed Pods Frameworks */ = {
			isa = PBXShellScriptBuildPhase;
			buildActionMask = 2147483647;
			files = (
			);
			inputPaths = (
				"${SRCROOT}/Pods/Target Support Files/Pods-Market/Pods-Market-frameworks.sh",
				"${BUILT_PRODUCTS_DIR}/BoringSSL-GRPC/openssl_grpc.framework",
				"${BUILT_PRODUCTS_DIR}/EmptyDataSet-Swift/EmptyDataSet_Swift.framework",
				"${BUILT_PRODUCTS_DIR}/GTMSessionFetcher/GTMSessionFetcher.framework",
				"${BUILT_PRODUCTS_DIR}/Gallery/Gallery.framework",
				"${BUILT_PRODUCTS_DIR}/GoogleUtilities/GoogleUtilities.framework",
				"${BUILT_PRODUCTS_DIR}/InstantSearchClient/InstantSearchClient.framework",
				"${BUILT_PRODUCTS_DIR}/JGProgressHUD/JGProgressHUD.framework",
				"${BUILT_PRODUCTS_DIR}/NVActivityIndicatorView/NVActivityIndicatorView.framework",
				"${BUILT_PRODUCTS_DIR}/Protobuf/Protobuf.framework",
				"${BUILT_PRODUCTS_DIR}/gRPC-C++/grpcpp.framework",
				"${BUILT_PRODUCTS_DIR}/gRPC-Core/grpc.framework",
				"${BUILT_PRODUCTS_DIR}/leveldb-library/leveldb.framework",
				"${BUILT_PRODUCTS_DIR}/nanopb/nanopb.framework",
			);
			name = "[CP] Embed Pods Frameworks";
			outputPaths = (
				"${TARGET_BUILD_DIR}/${FRAMEWORKS_FOLDER_PATH}/openssl_grpc.framework",
				"${TARGET_BUILD_DIR}/${FRAMEWORKS_FOLDER_PATH}/EmptyDataSet_Swift.framework",
				"${TARGET_BUILD_DIR}/${FRAMEWORKS_FOLDER_PATH}/GTMSessionFetcher.framework",
				"${TARGET_BUILD_DIR}/${FRAMEWORKS_FOLDER_PATH}/Gallery.framework",
				"${TARGET_BUILD_DIR}/${FRAMEWORKS_FOLDER_PATH}/GoogleUtilities.framework",
				"${TARGET_BUILD_DIR}/${FRAMEWORKS_FOLDER_PATH}/InstantSearchClient.framework",
				"${TARGET_BUILD_DIR}/${FRAMEWORKS_FOLDER_PATH}/JGProgressHUD.framework",
				"${TARGET_BUILD_DIR}/${FRAMEWORKS_FOLDER_PATH}/NVActivityIndicatorView.framework",
				"${TARGET_BUILD_DIR}/${FRAMEWORKS_FOLDER_PATH}/Protobuf.framework",
				"${TARGET_BUILD_DIR}/${FRAMEWORKS_FOLDER_PATH}/grpcpp.framework",
				"${TARGET_BUILD_DIR}/${FRAMEWORKS_FOLDER_PATH}/grpc.framework",
				"${TARGET_BUILD_DIR}/${FRAMEWORKS_FOLDER_PATH}/leveldb.framework",
				"${TARGET_BUILD_DIR}/${FRAMEWORKS_FOLDER_PATH}/nanopb.framework",
			);
			runOnlyForDeploymentPostprocessing = 0;
			shellPath = /bin/sh;
			shellScript = "\"${SRCROOT}/Pods/Target Support Files/Pods-Market/Pods-Market-frameworks.sh\"\n";
			showEnvVarsInLog = 0;
		};
		9DDE10DE2BB16E24963E3B31 /* [CP] Check Pods Manifest.lock */ = {
			isa = PBXShellScriptBuildPhase;
			buildActionMask = 2147483647;
			files = (
			);
			inputPaths = (
				"${PODS_PODFILE_DIR_PATH}/Podfile.lock",
				"${PODS_ROOT}/Manifest.lock",
			);
			name = "[CP] Check Pods Manifest.lock";
			outputPaths = (
				"$(DERIVED_FILE_DIR)/Pods-Market-checkManifestLockResult.txt",
			);
			runOnlyForDeploymentPostprocessing = 0;
			shellPath = /bin/sh;
			shellScript = "diff \"${PODS_PODFILE_DIR_PATH}/Podfile.lock\" \"${PODS_ROOT}/Manifest.lock\" > /dev/null\nif [ $? != 0 ] ; then\n    # print error to STDERR\n    echo \"error: The sandbox is not in sync with the Podfile.lock. Run 'pod install' or update your CocoaPods installation.\" >&2\n    exit 1\nfi\n# This output is used by Xcode 'outputs' to avoid re-running this script phase.\necho \"SUCCESS\" > \"${SCRIPT_OUTPUT_FILE_0}\"\n";
			showEnvVarsInLog = 0;
		};
/* End PBXShellScriptBuildPhase section */

/* Begin PBXSourcesBuildPhase section */
		0B8D9A9D22F1F55600A072A4 /* Sources */ = {
			isa = PBXSourcesBuildPhase;
			buildActionMask = 2147483647;
			files = (
				0B287D9923201F990082EBB0 /* ImageCollectionViewCell.swift in Sources */,
				0B54C4B02333DDCA00B79439 /* WelcomeViewController.swift in Sources */,
				0B3C418D231045CC00992E67 /* Item.swift in Sources */,
				0B287D9723200A7F0082EBB0 /* ItemViewController.swift in Sources */,
				0B31C9CF233E6E2C00BCFF35 /* MUser.swift in Sources */,
				0BDFB72122F34D0700EE0B07 /* FirebaseCollectionReference.swift in Sources */,
				0B8D9AA922F1F55600A072A4 /* ViewController.swift in Sources */,
				0BDFB71D22F3485200EE0B07 /* CategoryCollectionViewCell.swift in Sources */,
				0B7FFC1B23183156004D21C3 /* Richability.swift in Sources */,
				0B287D95231FF4F60082EBB0 /* HelperFunctions.swift in Sources */,
				0B8D9AA522F1F55600A072A4 /* AppDelegate.swift in Sources */,
				0BDFB71B22F347C200EE0B07 /* CategoryCollectionViewController.swift in Sources */,
				0B3C418B2310423E00992E67 /* ItemsTableViewController.swift in Sources */,
				0B7FFC1D231831F9004D21C3 /* Downloader.swift in Sources */,
				0B8D9AA722F1F55600A072A4 /* SceneDelegate.swift in Sources */,
				0B19FBA122F885A9004C2F21 /* Category.swift in Sources */,
				0B54C4AE232FED9F00B79439 /* BasketViewController.swift in Sources */,
				0B19FBA422F88771004C2F21 /* Constants.swift in Sources */,
				0B287D9B2322BBA10082EBB0 /* Basket.swift in Sources */,
				0B31136B231F1A5800EEEA89 /* ItemTableViewCell.swift in Sources */,
				0B3C418F231522E300992E67 /* AddItemViewController.swift in Sources */,
			);
			runOnlyForDeploymentPostprocessing = 0;
		};
/* End PBXSourcesBuildPhase section */

/* Begin PBXVariantGroup section */
		0B8D9AAA22F1F55600A072A4 /* Main.storyboard */ = {
			isa = PBXVariantGroup;
			children = (
				0B8D9AAB22F1F55600A072A4 /* Base */,
			);
			name = Main.storyboard;
			sourceTree = "<group>";
		};
		0B8D9AAF22F1F55900A072A4 /* LaunchScreen.storyboard */ = {
			isa = PBXVariantGroup;
			children = (
				0B8D9AB022F1F55900A072A4 /* Base */,
			);
			name = LaunchScreen.storyboard;
			sourceTree = "<group>";
		};
/* End PBXVariantGroup section */

/* Begin XCBuildConfiguration section */
		0B8D9AB322F1F55900A072A4 /* Debug */ = {
			isa = XCBuildConfiguration;
			buildSettings = {
				ALWAYS_SEARCH_USER_PATHS = NO;
				CLANG_ANALYZER_NONNULL = YES;
				CLANG_ANALYZER_NUMBER_OBJECT_CONVERSION = YES_AGGRESSIVE;
				CLANG_CXX_LANGUAGE_STANDARD = "gnu++14";
				CLANG_CXX_LIBRARY = "libc++";
				CLANG_ENABLE_MODULES = YES;
				CLANG_ENABLE_OBJC_ARC = YES;
				CLANG_ENABLE_OBJC_WEAK = YES;
				CLANG_WARN_BLOCK_CAPTURE_AUTORELEASING = YES;
				CLANG_WARN_BOOL_CONVERSION = YES;
				CLANG_WARN_COMMA = YES;
				CLANG_WARN_CONSTANT_CONVERSION = YES;
				CLANG_WARN_DEPRECATED_OBJC_IMPLEMENTATIONS = YES;
				CLANG_WARN_DIRECT_OBJC_ISA_USAGE = YES_ERROR;
				CLANG_WARN_DOCUMENTATION_COMMENTS = YES;
				CLANG_WARN_EMPTY_BODY = YES;
				CLANG_WARN_ENUM_CONVERSION = YES;
				CLANG_WARN_INFINITE_RECURSION = YES;
				CLANG_WARN_INT_CONVERSION = YES;
				CLANG_WARN_NON_LITERAL_NULL_CONVERSION = YES;
				CLANG_WARN_OBJC_IMPLICIT_RETAIN_SELF = YES;
				CLANG_WARN_OBJC_LITERAL_CONVERSION = YES;
				CLANG_WARN_OBJC_ROOT_CLASS = YES_ERROR;
				CLANG_WARN_RANGE_LOOP_ANALYSIS = YES;
				CLANG_WARN_STRICT_PROTOTYPES = YES;
				CLANG_WARN_SUSPICIOUS_MOVE = YES;
				CLANG_WARN_UNGUARDED_AVAILABILITY = YES_AGGRESSIVE;
				CLANG_WARN_UNREACHABLE_CODE = YES;
				CLANG_WARN__DUPLICATE_METHOD_MATCH = YES;
				COPY_PHASE_STRIP = NO;
				DEBUG_INFORMATION_FORMAT = dwarf;
				ENABLE_STRICT_OBJC_MSGSEND = YES;
				ENABLE_TESTABILITY = YES;
				GCC_C_LANGUAGE_STANDARD = gnu11;
				GCC_DYNAMIC_NO_PIC = NO;
				GCC_NO_COMMON_BLOCKS = YES;
				GCC_OPTIMIZATION_LEVEL = 0;
				GCC_PREPROCESSOR_DEFINITIONS = (
					"DEBUG=1",
					"$(inherited)",
				);
				GCC_WARN_64_TO_32_BIT_CONVERSION = YES;
				GCC_WARN_ABOUT_RETURN_TYPE = YES_ERROR;
				GCC_WARN_UNDECLARED_SELECTOR = YES;
				GCC_WARN_UNINITIALIZED_AUTOS = YES_AGGRESSIVE;
				GCC_WARN_UNUSED_FUNCTION = YES;
				GCC_WARN_UNUSED_VARIABLE = YES;
				IPHONEOS_DEPLOYMENT_TARGET = 13.0;
				MTL_ENABLE_DEBUG_INFO = INCLUDE_SOURCE;
				MTL_FAST_MATH = YES;
				ONLY_ACTIVE_ARCH = YES;
				SDKROOT = iphoneos;
				SWIFT_ACTIVE_COMPILATION_CONDITIONS = DEBUG;
				SWIFT_OPTIMIZATION_LEVEL = "-Onone";
			};
			name = Debug;
		};
		0B8D9AB422F1F55900A072A4 /* Release */ = {
			isa = XCBuildConfiguration;
			buildSettings = {
				ALWAYS_SEARCH_USER_PATHS = NO;
				CLANG_ANALYZER_NONNULL = YES;
				CLANG_ANALYZER_NUMBER_OBJECT_CONVERSION = YES_AGGRESSIVE;
				CLANG_CXX_LANGUAGE_STANDARD = "gnu++14";
				CLANG_CXX_LIBRARY = "libc++";
				CLANG_ENABLE_MODULES = YES;
				CLANG_ENABLE_OBJC_ARC = YES;
				CLANG_ENABLE_OBJC_WEAK = YES;
				CLANG_WARN_BLOCK_CAPTURE_AUTORELEASING = YES;
				CLANG_WARN_BOOL_CONVERSION = YES;
				CLANG_WARN_COMMA = YES;
				CLANG_WARN_CONSTANT_CONVERSION = YES;
				CLANG_WARN_DEPRECATED_OBJC_IMPLEMENTATIONS = YES;
				CLANG_WARN_DIRECT_OBJC_ISA_USAGE = YES_ERROR;
				CLANG_WARN_DOCUMENTATION_COMMENTS = YES;
				CLANG_WARN_EMPTY_BODY = YES;
				CLANG_WARN_ENUM_CONVERSION = YES;
				CLANG_WARN_INFINITE_RECURSION = YES;
				CLANG_WARN_INT_CONVERSION = YES;
				CLANG_WARN_NON_LITERAL_NULL_CONVERSION = YES;
				CLANG_WARN_OBJC_IMPLICIT_RETAIN_SELF = YES;
				CLANG_WARN_OBJC_LITERAL_CONVERSION = YES;
				CLANG_WARN_OBJC_ROOT_CLASS = YES_ERROR;
				CLANG_WARN_RANGE_LOOP_ANALYSIS = YES;
				CLANG_WARN_STRICT_PROTOTYPES = YES;
				CLANG_WARN_SUSPICIOUS_MOVE = YES;
				CLANG_WARN_UNGUARDED_AVAILABILITY = YES_AGGRESSIVE;
				CLANG_WARN_UNREACHABLE_CODE = YES;
				CLANG_WARN__DUPLICATE_METHOD_MATCH = YES;
				COPY_PHASE_STRIP = NO;
				DEBUG_INFORMATION_FORMAT = "dwarf-with-dsym";
				ENABLE_NS_ASSERTIONS = NO;
				ENABLE_STRICT_OBJC_MSGSEND = YES;
				GCC_C_LANGUAGE_STANDARD = gnu11;
				GCC_NO_COMMON_BLOCKS = YES;
				GCC_WARN_64_TO_32_BIT_CONVERSION = YES;
				GCC_WARN_ABOUT_RETURN_TYPE = YES_ERROR;
				GCC_WARN_UNDECLARED_SELECTOR = YES;
				GCC_WARN_UNINITIALIZED_AUTOS = YES_AGGRESSIVE;
				GCC_WARN_UNUSED_FUNCTION = YES;
				GCC_WARN_UNUSED_VARIABLE = YES;
				IPHONEOS_DEPLOYMENT_TARGET = 13.0;
				MTL_ENABLE_DEBUG_INFO = NO;
				MTL_FAST_MATH = YES;
				SDKROOT = iphoneos;
				SWIFT_COMPILATION_MODE = wholemodule;
				SWIFT_OPTIMIZATION_LEVEL = "-O";
				VALIDATE_PRODUCT = YES;
			};
			name = Release;
		};
		0B8D9AB622F1F55900A072A4 /* Debug */ = {
			isa = XCBuildConfiguration;
			baseConfigurationReference = B197637D2664C8E9E58A2969 /* Pods-Market.debug.xcconfig */;
			buildSettings = {
				ASSETCATALOG_COMPILER_APPICON_NAME = AppIcon;
				CODE_SIGN_STYLE = Automatic;
				DEVELOPMENT_TEAM = V793P5G6UR;
				INFOPLIST_FILE = Market/Info.plist;
				LD_RUNPATH_SEARCH_PATHS = (
					"$(inherited)",
					"@executable_path/Frameworks",
				);
				PRODUCT_BUNDLE_IDENTIFIER = com.ioannisGiannakidis.Market;
				PRODUCT_NAME = "$(TARGET_NAME)";
				SWIFT_VERSION = 5.0;
				TARGETED_DEVICE_FAMILY = "1,2";
			};
			name = Debug;
		};
		0B8D9AB722F1F55900A072A4 /* Release */ = {
			isa = XCBuildConfiguration;
			baseConfigurationReference = F942CD6A709C429B5BF5F48C /* Pods-Market.release.xcconfig */;
			buildSettings = {
				ASSETCATALOG_COMPILER_APPICON_NAME = AppIcon;
				CODE_SIGN_STYLE = Automatic;
				DEVELOPMENT_TEAM = V793P5G6UR;
				INFOPLIST_FILE = Market/Info.plist;
				LD_RUNPATH_SEARCH_PATHS = (
					"$(inherited)",
					"@executable_path/Frameworks",
				);
				PRODUCT_BUNDLE_IDENTIFIER = com.ioannisGiannakidis.Market;
				PRODUCT_NAME = "$(TARGET_NAME)";
				SWIFT_VERSION = 5.0;
				TARGETED_DEVICE_FAMILY = "1,2";
			};
			name = Release;
		};
/* End XCBuildConfiguration section */

/* Begin XCConfigurationList section */
		0B8D9A9C22F1F55600A072A4 /* Build configuration list for PBXProject "Market" */ = {
			isa = XCConfigurationList;
			buildConfigurations = (
				0B8D9AB322F1F55900A072A4 /* Debug */,
				0B8D9AB422F1F55900A072A4 /* Release */,
			);
			defaultConfigurationIsVisible = 0;
			defaultConfigurationName = Release;
		};
		0B8D9AB522F1F55900A072A4 /* Build configuration list for PBXNativeTarget "Market" */ = {
			isa = XCConfigurationList;
			buildConfigurations = (
				0B8D9AB622F1F55900A072A4 /* Debug */,
				0B8D9AB722F1F55900A072A4 /* Release */,
			);
			defaultConfigurationIsVisible = 0;
			defaultConfigurationName = Release;
		};
/* End XCConfigurationList section */
	};
	rootObject = 0B8D9A9922F1F55600A072A4 /* Project object */;
}
